{
  "name": "package.json",
  "version": "1.0.0",
  "lockfileVersion": 1,
  "requires": true,
  "dependencies": {
    "detect-element-overflow": {
      "version": "1.1.1",
      "resolved": "https://registry.npmjs.org/detect-element-overflow/-/detect-element-overflow-1.1.1.tgz",
      "integrity": "sha512-07f/EWuaPHU2JqPLg1JPuNaf47h+A5dt70EHO+X+U1zzSuAsgmI5qAU3kP1bCMICYmuvMrcqEZOIxiLB9d8zdg=="
    },
    "get-user-locale": {
      "version": "1.1.1",
      "resolved": "https://registry.npmjs.org/get-user-locale/-/get-user-locale-1.1.1.tgz",
      "integrity": "sha512-KuA+vMhsY+rSPK8hrmOvf7xXIMTs+L06RkgZ83jawZHSEqPLafZtQ63d3waXW3r8z6EQ49I/trraNncWM+s/2g==",
      "requires": {
        "lodash.once": "^4.1.1"
      }
    },
    "js-tokens": {
      "version": "4.0.0",
      "resolved": "https://registry.npmjs.org/js-tokens/-/js-tokens-4.0.0.tgz",
      "integrity": "sha512-RdJUflcE3cUzKiMqQgsCu06FPu9UdIJO0beYbPhHN4k6apgJtifcoCtT9bcxOpYBtpD2kCM6Sbzg4CausW/PKQ=="
    },
    "lodash.once": {
      "version": "4.1.1",
      "resolved": "https://registry.npmjs.org/lodash.once/-/lodash.once-4.1.1.tgz",
      "integrity": "sha1-DdOXEhPHxW34gJd9UEyI+0cal6w="
    },
    "loose-envify": {
      "version": "1.4.0",
      "resolved": "https://registry.npmjs.org/loose-envify/-/loose-envify-1.4.0.tgz",
      "integrity": "sha512-lyuxPGr/Wfhrlem2CL/UcnUc1zcqKAImBDzukY7Y5F/yQiNdko6+fRLevlw1HgMySw7f611UIY408EtxRSoK3Q==",
      "requires": {
        "js-tokens": "^3.0.0 || ^4.0.0"
      }
    },
    "make-event-props": {
      "version": "1.2.0",
      "resolved": "https://registry.npmjs.org/make-event-props/-/make-event-props-1.2.0.tgz",
      "integrity": "sha512-BmWFkm/jZzVH9A0tEBdkjAARUz/eha+5IRyfOndeSMKRadkgR5DawoBHoRwLxkYmjJOI5bHkXKpaZocxj+dKgg=="
    },
    "merge-class-names": {
      "version": "1.2.0",
      "resolved": "https://registry.npmjs.org/merge-class-names/-/merge-class-names-1.2.0.tgz",
      "integrity": "sha512-ifHxhC8DojHT1rG3PHCaJYInUqPd0WO+PxsaYDMkgy7RzfyOFtnlpr/hbhki+m/3R/ujIRVnZkD/AHjgjb5uhg=="
    },
    "object-assign": {
      "version": "4.1.1",
      "resolved": "https://registry.npmjs.org/object-assign/-/object-assign-4.1.1.tgz",
      "integrity": "sha1-IQmtx5ZYh8/AXLvUQsrIv7s2CGM="
    },
    "prop-types": {
      "version": "15.7.2",
      "resolved": "https://registry.npmjs.org/prop-types/-/prop-types-15.7.2.tgz",
      "integrity": "sha512-8QQikdH7//R2vurIJSutZ1smHYTcLpRWEOlHnzcWHmBYrOGUysKwSsrC89BCiFj3CbrfJ/nXFdJepOVrY1GCHQ==",
      "requires": {
        "loose-envify": "^1.4.0",
        "object-assign": "^4.1.1",
        "react-is": "^16.8.1"
      }
    },
    "react-calendar": {
      "version": "2.19.0",
      "resolved": "https://registry.npmjs.org/react-calendar/-/react-calendar-2.19.0.tgz",
      "integrity": "sha512-vfmOuYSSzrWmJPJBH2WMLU7mVDPjhslawGBe2VYauN0tzEUt/cX/zsOLC+/PxH+3vD7dG4R7gpspl/q7L850sw==",
      "requires": {
        "get-user-locale": "^1.1.1",
        "merge-class-names": "^1.1.1",
        "prop-types": "^15.6.0",
        "react-lifecycles-compat": "^3.0.4"
      }
    },
    "react-clock": {
      "version": "2.3.0",
      "resolved": "https://registry.npmjs.org/react-clock/-/react-clock-2.3.0.tgz",
      "integrity": "sha1-3lwyjHvc7Fg0jaXCzNjYyk/BC3Y=",
      "requires": {
        "merge-class-names": "^1.1.1",
        "prop-types": "^15.6.0"
      }
    },
    "react-date-picker": {
      "version": "7.5.1",
      "resolved": "https://registry.npmjs.org/react-date-picker/-/react-date-picker-7.5.1.tgz",
      "integrity": "sha512-5KMMmFCSUXElrii3e3C/tklL0sHoZwY63CrAVjIjWjgjQAaTO40iFj0BIfVvbEcbpaiCRfwdjm8CYnJOSJkAPw==",
      "requires": {
        "get-user-locale": "^1.1.1",
        "make-event-props": "^1.1.0",
        "merge-class-names": "^1.1.1",
        "prop-types": "^15.6.0",
        "react-calendar": "^2.18.0",
        "react-fit": "^1.0.3",
        "react-lifecycles-compat": "^3.0.4"
      }
    },
    "react-datetime-picker": {
      "version": "2.4.0",
      "resolved": "https://registry.npmjs.org/react-datetime-picker/-/react-datetime-picker-2.4.0.tgz",
      "integrity": "sha512-SzY/GSk/BBefFRdQvnpnxor8vd3Vl235zJfg7b12j4cXd6QaRAccXwoUPYiKSzq6V+wTej4MQAiIYq5iPLb9tQ==",
      "requires": {
        "get-user-locale": "^1.1.1",
        "make-event-props": "^1.1.0",
        "merge-class-names": "^1.1.1",
        "prop-types": "^15.6.0",
        "react-calendar": "^2.18.0",
        "react-clock": "^2.3.0",
        "react-date-picker": "^7.5.1",
        "react-fit": "^1.0.3",
        "react-lifecycles-compat": "^3.0.4",
        "react-time-picker": "^3.5.2"
      }
    },
    "react-fit": {
      "version": "1.0.4",
      "resolved": "https://registry.npmjs.org/react-fit/-/react-fit-1.0.4.tgz",
      "integrity": "sha512-TYKXASKYXz1ZcRQpmSepwkj+UmTNsYtm4dDF/qZZchZPWZSFx3oP0RDMavlG4MKXbj8aAPw6ycXuibfOu/yXrA==",
      "requires": {
        "detect-element-overflow": "^1.1.1",
        "prop-types": "^15.6.0"
      }
    },
    "react-is": {
      "version": "16.8.6",
      "resolved": "https://registry.npmjs.org/react-is/-/react-is-16.8.6.tgz",
      "integrity": "sha512-aUk3bHfZ2bRSVFFbbeVS4i+lNPZr3/WM5jT2J5omUVV1zzcs1nAaf3l51ctA5FFvCRbhrH0bdAsRRQddFJZPtA=="
    },
    "react-lifecycles-compat": {
      "version": "3.0.4",
      "resolved": "https://registry.npmjs.org/react-lifecycles-compat/-/react-lifecycles-compat-3.0.4.tgz",
      "integrity": "sha512-fBASbA6LnOU9dOU2eW7aQ8xmYBSXUIWr+UmF9b1efZBazGNO+rcXT/icdKnYm2pTwcRylVUYwW7H1PHfLekVzA=="
    },
    "react-time-picker": {
      "version": "3.5.2",
      "resolved": "https://registry.npmjs.org/react-time-picker/-/react-time-picker-3.5.2.tgz",
      "integrity": "sha512-UIajQVfEGLjXLqTPUZCd1nxRiM0ED5MaoK2jNCX0MsHVHYnjXPsluvd0YU2YMiCgyj+oqYE5bVOULckqb+PgwQ==",
      "requires": {
        "get-user-locale": "^1.1.1",
        "make-event-props": "^1.1.0",
        "merge-class-names": "^1.1.1",
        "prop-types": "^15.6.0",
        "react-clock": "^2.3.0",
        "react-fit": "^1.0.3",
        "react-lifecycles-compat": "^3.0.4"
      }
    }
  }
}
